# THIS IS AN AUTOGENERATED FILE. DO NOT EDIT THIS FILE DIRECTLY.
# yarn lockfile v1


detab@^2.0.1:
  version "2.0.1"
  resolved "https://registry.yarnpkg.com/detab/-/detab-2.0.1.tgz#531f5e326620e2fd4f03264a905fb3bcc8af4df4"
  dependencies:
    repeat-string "^1.5.4"

pegjs@^0.10.0:
  version "0.10.0"
  resolved "https://registry.yarnpkg.com/pegjs/-/pegjs-0.10.0.tgz#cf8bafae6eddff4b5a7efb185269eaaf4610ddbd"

repeat-string@^1.5.4:
  version "1.6.1"
  resolved "https://registry.yarnpkg.com/repeat-string/-/repeat-string-1.6.1.tgz#8dcae470e1c88abc2d600fff4a776286da75e637"
